NeoBundleLock jellybeans.vim 0761708c890becd3e027551068e0ae272da003e0
NeoBundleLock molokai db8ce13b3737d3ddea8368498183d7c204a762eb
NeoBundleLock neobundle.vim b9ce3904b44af0907c3621a172a0ee5c31a5556f
NeoBundleLock neocomplcache d83bcbd0b142eb8de9d669ead26914cd7322a51c
NeoBundleLock neomru.vim 7df9999b841228661ff73909c5b9e34952331e22
NeoBundleLock neosnippet 044c9cb8ca46a5e27eec37198990c26fe707b02a
NeoBundleLock newspaper.vim 81fdd3b047f03df77ea1362e9bc75e0a39fa9af7
NeoBundleLock sudo.vim 060f0250d6f399d1cf9b15eaad3d55b3fbad4b0d
NeoBundleLock syntastic cb64516d4d6786e63071c313fce074f690bc17be
NeoBundleLock unite-colorscheme 3aa33866a183f7659594a3f6b66b2334eaebc6a0
NeoBundleLock unite-outline 08e0a89494bbba2e040eebbfec894b5749c0c0e2
NeoBundleLock unite.vim 493f442fed4395d6a1432d44f3db6fb8a0d09fc7
NeoBundleLock vim-better-css-indent 985d1a6200432efc48b2818a58f592e8945772c2
NeoBundleLock vim-fugitive 933f6a1e1df549564062f936bd1c836d28cf1676
NeoBundleLock vim-gitgutter e5efbaffc066ababc9ae0d689c7050fa5d6591bd
NeoBundleLock vim-hybrid 471b235306b94850a3c6b1d2d9e5203e9919c15e
NeoBundleLock vim-js-indent 9a71cb43e354624ebd8d38c560c9403c19f063e2
NeoBundleLock vim-less 940a8defa0576385dee1ad177bab0b34738540aa
NeoBundleLock vim-qfreplace 89e64ae24fb4b8e2402ba6d84971c06606f4adf4
NeoBundleLock vim-quickhl 239d9edf6d2d250b4be2511a15fcec077e10314f
NeoBundleLock vim-startify b184b92e963dd1d8504c451f9226f56bf8fbacfa
NeoBundleLock vim-versions 19f8510e6fd4f263b0604fcd60d5712f00f41807
NeoBundleLock vimfiler 20779819c0a40cf741a2eb894d88c153baca5baf
NeoBundleLock vimproc 04b45cd80f48f66daed04a1a48a7ea4e7d316086
NeoBundleLock vimshell 42be4213ea402436734c9b574ed9412e4febd3c7
